
Microsoft Visual Studio Solution File, Format Version 12.00
# Visual Studio Version 17
VisualStudioVersion = 17.0.31903.59
MinimumVisualStudioVersion = 10.0.40219.1
Project("{2150E333-8FDC-42A3-9474-1A3956D46DE8}") = "src", "src", "{827E0CD3-B72D-47B6-A68D-7590B98EB39B}"
EndProject
Project("{FAE04EC0-301F-11D3-BF4B-00C04F79EFBC}") = "MemViz.Api", "src\MemViz.Api\MemViz.Api.csproj", "{999A3D19-7C8B-43F1-BEAF-FFE30172CCBB}"
EndProject
Project("{FAE04EC0-301F-11D3-BF4B-00C04F79EFBC}") = "MemViz.Application", "src\MemViz.Application\MemViz.Application.csproj", "{5F3EFFC8-7CFC-42E6-8370-2F85A12898D6}"
EndProject
Project("{FAE04EC0-301F-11D3-BF4B-00C04F79EFBC}") = "MemViz.Domain", "src\MemViz.Domain\MemViz.Domain.csproj", "{29AFC2AA-F87F-42C4-9875-60B2281346D8}"
EndProject
Project("{FAE04EC0-301F-11D3-BF4B-00C04F79EFBC}") = "MemViz.Infrastructure", "src\MemViz.Infrastructure\MemViz.Infrastructure.csproj", "{C8CD466A-0E2B-42C7-BEE2-3A4BF71D4E20}"
EndProject
Project("{FAE04EC0-301F-11D3-BF4B-00C04F79EFBC}") = "MemViz.Languages", "src\MemViz.Languages\MemViz.Languages.csproj", "{0290ADE7-44F4-4BD0-96E3-C6C4B78EA818}"
EndProject
Project("{FAE04EC0-301F-11D3-BF4B-00C04F79EFBC}") = "MemViz.Shared", "src\MemViz.Shared\MemViz.Shared.csproj", "{E69C636F-9DF1-4DC0-868C-66D08A721DE9}"
EndProject
Project("{2150E333-8FDC-42A3-9474-1A3956D46DE8}") = "tests", "tests", "{0AB3BF05-4346-4AA6-1389-037BE0695223}"
EndProject
Project("{FAE04EC0-301F-11D3-BF4B-00C04F79EFBC}") = "MemViz.IntegrationTests", "tests\MemViz.IntegrationTests\MemViz.IntegrationTests.csproj", "{D74BE8D8-27BB-4A3F-A0FB-B8954977DAD5}"
EndProject
Project("{FAE04EC0-301F-11D3-BF4B-00C04F79EFBC}") = "MemViz.UnitTests", "tests\MemViz.UnitTests\MemViz.UnitTests.csproj", "{26014132-A4A7-45CC-807B-D49DEDDDEB2E}"
EndProject
Global
	GlobalSection(SolutionConfigurationPlatforms) = preSolution
		Debug|Any CPU = Debug|Any CPU
		Debug|x64 = Debug|x64
		Debug|x86 = Debug|x86
		Release|Any CPU = Release|Any CPU
		Release|x64 = Release|x64
		Release|x86 = Release|x86
	EndGlobalSection
	GlobalSection(ProjectConfigurationPlatforms) = postSolution
		{999A3D19-7C8B-43F1-BEAF-FFE30172CCBB}.Debug|Any CPU.ActiveCfg = Debug|Any CPU
		{999A3D19-7C8B-43F1-BEAF-FFE30172CCBB}.Debug|Any CPU.Build.0 = Debug|Any CPU
		{999A3D19-7C8B-43F1-BEAF-FFE30172CCBB}.Debug|x64.ActiveCfg = Debug|Any CPU
		{999A3D19-7C8B-43F1-BEAF-FFE30172CCBB}.Debug|x64.Build.0 = Debug|Any CPU
		{999A3D19-7C8B-43F1-BEAF-FFE30172CCBB}.Debug|x86.ActiveCfg = Debug|Any CPU
		{999A3D19-7C8B-43F1-BEAF-FFE30172CCBB}.Debug|x86.Build.0 = Debug|Any CPU
		{999A3D19-7C8B-43F1-BEAF-FFE30172CCBB}.Release|Any CPU.ActiveCfg = Release|Any CPU
		{999A3D19-7C8B-43F1-BEAF-FFE30172CCBB}.Release|Any CPU.Build.0 = Release|Any CPU
		{999A3D19-7C8B-43F1-BEAF-FFE30172CCBB}.Release|x64.ActiveCfg = Release|Any CPU
		{999A3D19-7C8B-43F1-BEAF-FFE30172CCBB}.Release|x64.Build.0 = Release|Any CPU
		{999A3D19-7C8B-43F1-BEAF-FFE30172CCBB}.Release|x86.ActiveCfg = Release|Any CPU
		{999A3D19-7C8B-43F1-BEAF-FFE30172CCBB}.Release|x86.Build.0 = Release|Any CPU
		{5F3EFFC8-7CFC-42E6-8370-2F85A12898D6}.Debug|Any CPU.ActiveCfg = Debug|Any CPU
		{5F3EFFC8-7CFC-42E6-8370-2F85A12898D6}.Debug|Any CPU.Build.0 = Debug|Any CPU
		{5F3EFFC8-7CFC-42E6-8370-2F85A12898D6}.Debug|x64.ActiveCfg = Debug|Any CPU
		{5F3EFFC8-7CFC-42E6-8370-2F85A12898D6}.Debug|x64.Build.0 = Debug|Any CPU
		{5F3EFFC8-7CFC-42E6-8370-2F85A12898D6}.Debug|x86.ActiveCfg = Debug|Any CPU
		{5F3EFFC8-7CFC-42E6-8370-2F85A12898D6}.Debug|x86.Build.0 = Debug|Any CPU
		{5F3EFFC8-7CFC-42E6-8370-2F85A12898D6}.Release|Any CPU.ActiveCfg = Release|Any CPU
		{5F3EFFC8-7CFC-42E6-8370-2F85A12898D6}.Release|Any CPU.Build.0 = Release|Any CPU
		{5F3EFFC8-7CFC-42E6-8370-2F85A12898D6}.Release|x64.ActiveCfg = Release|Any CPU
		{5F3EFFC8-7CFC-42E6-8370-2F85A12898D6}.Release|x64.Build.0 = Release|Any CPU
		{5F3EFFC8-7CFC-42E6-8370-2F85A12898D6}.Release|x86.ActiveCfg = Release|Any CPU
		{5F3EFFC8-7CFC-42E6-8370-2F85A12898D6}.Release|x86.Build.0 = Release|Any CPU
		{29AFC2AA-F87F-42C4-9875-60B2281346D8}.Debug|Any CPU.ActiveCfg = Debug|Any CPU
		{29AFC2AA-F87F-42C4-9875-60B2281346D8}.Debug|Any CPU.Build.0 = Debug|Any CPU
		{29AFC2AA-F87F-42C4-9875-60B2281346D8}.Debug|x64.ActiveCfg = Debug|Any CPU
		{29AFC2AA-F87F-42C4-9875-60B2281346D8}.Debug|x64.Build.0 = Debug|Any CPU
		{29AFC2AA-F87F-42C4-9875-60B2281346D8}.Debug|x86.ActiveCfg = Debug|Any CPU
		{29AFC2AA-F87F-42C4-9875-60B2281346D8}.Debug|x86.Build.0 = Debug|Any CPU
		{29AFC2AA-F87F-42C4-9875-60B2281346D8}.Release|Any CPU.ActiveCfg = Release|Any CPU
		{29AFC2AA-F87F-42C4-9875-60B2281346D8}.Release|Any CPU.Build.0 = Release|Any CPU
		{29AFC2AA-F87F-42C4-9875-60B2281346D8}.Release|x64.ActiveCfg = Release|Any CPU
		{29AFC2AA-F87F-42C4-9875-60B2281346D8}.Release|x64.Build.0 = Release|Any CPU
		{29AFC2AA-F87F-42C4-9875-60B2281346D8}.Release|x86.ActiveCfg = Release|Any CPU
		{29AFC2AA-F87F-42C4-9875-60B2281346D8}.Release|x86.Build.0 = Release|Any CPU
		{C8CD466A-0E2B-42C7-BEE2-3A4BF71D4E20}.Debug|Any CPU.ActiveCfg = Debug|Any CPU
		{C8CD466A-0E2B-42C7-BEE2-3A4BF71D4E20}.Debug|Any CPU.Build.0 = Debug|Any CPU
		{C8CD466A-0E2B-42C7-BEE2-3A4BF71D4E20}.Debug|x64.ActiveCfg = Debug|Any CPU
		{C8CD466A-0E2B-42C7-BEE2-3A4BF71D4E20}.Debug|x64.Build.0 = Debug|Any CPU
		{C8CD466A-0E2B-42C7-BEE2-3A4BF71D4E20}.Debug|x86.ActiveCfg = Debug|Any CPU
		{C8CD466A-0E2B-42C7-BEE2-3A4BF71D4E20}.Debug|x86.Build.0 = Debug|Any CPU
		{C8CD466A-0E2B-42C7-BEE2-3A4BF71D4E20}.Release|Any CPU.ActiveCfg = Release|Any CPU
		{C8CD466A-0E2B-42C7-BEE2-3A4BF71D4E20}.Release|Any CPU.Build.0 = Release|Any CPU
		{C8CD466A-0E2B-42C7-BEE2-3A4BF71D4E20}.Release|x64.ActiveCfg = Release|Any CPU
		{C8CD466A-0E2B-42C7-BEE2-3A4BF71D4E20}.Release|x64.Build.0 = Release|Any CPU
		{C8CD466A-0E2B-42C7-BEE2-3A4BF71D4E20}.Release|x86.ActiveCfg = Release|Any CPU
		{C8CD466A-0E2B-42C7-BEE2-3A4BF71D4E20}.Release|x86.Build.0 = Release|Any CPU
		{0290ADE7-44F4-4BD0-96E3-C6C4B78EA818}.Debug|Any CPU.ActiveCfg = Debug|Any CPU
		{0290ADE7-44F4-4BD0-96E3-C6C4B78EA818}.Debug|Any CPU.Build.0 = Debug|Any CPU
		{0290ADE7-44F4-4BD0-96E3-C6C4B78EA818}.Debug|x64.ActiveCfg = Debug|Any CPU
		{0290ADE7-44F4-4BD0-96E3-C6C4B78EA818}.Debug|x64.Build.0 = Debug|Any CPU
		{0290ADE7-44F4-4BD0-96E3-C6C4B78EA818}.Debug|x86.ActiveCfg = Debug|Any CPU
		{0290ADE7-44F4-4BD0-96E3-C6C4B78EA818}.Debug|x86.Build.0 = Debug|Any CPU
		{0290ADE7-44F4-4BD0-96E3-C6C4B78EA818}.Release|Any CPU.ActiveCfg = Release|Any CPU
		{0290ADE7-44F4-4BD0-96E3-C6C4B78EA818}.Release|Any CPU.Build.0 = Release|Any CPU
		{0290ADE7-44F4-4BD0-96E3-C6C4B78EA818}.Release|x64.ActiveCfg = Release|Any CPU
		{0290ADE7-44F4-4BD0-96E3-C6C4B78EA818}.Release|x64.Build.0 = Release|Any CPU
		{0290ADE7-44F4-4BD0-96E3-C6C4B78EA818}.Release|x86.ActiveCfg = Release|Any CPU
		{0290ADE7-44F4-4BD0-96E3-C6C4B78EA818}.Release|x86.Build.0 = Release|Any CPU
		{E69C636F-9DF1-4DC0-868C-66D08A721DE9}.Debug|Any CPU.ActiveCfg = Debug|Any CPU
		{E69C636F-9DF1-4DC0-868C-66D08A721DE9}.Debug|Any CPU.Build.0 = Debug|Any CPU
		{E69C636F-9DF1-4DC0-868C-66D08A721DE9}.Debug|x64.ActiveCfg = Debug|Any CPU
		{E69C636F-9DF1-4DC0-868C-66D08A721DE9}.Debug|x64.Build.0 = Debug|Any CPU
		{E69C636F-9DF1-4DC0-868C-66D08A721DE9}.Debug|x86.ActiveCfg = Debug|Any CPU
		{E69C636F-9DF1-4DC0-868C-66D08A721DE9}.Debug|x86.Build.0 = Debug|Any CPU
		{E69C636F-9DF1-4DC0-868C-66D08A721DE9}.Release|Any CPU.ActiveCfg = Release|Any CPU
		{E69C636F-9DF1-4DC0-868C-66D08A721DE9}.Release|Any CPU.Build.0 = Release|Any CPU
		{E69C636F-9DF1-4DC0-868C-66D08A721DE9}.Release|x64.ActiveCfg = Release|Any CPU
		{E69C636F-9DF1-4DC0-868C-66D08A721DE9}.Release|x64.Build.0 = Release|Any CPU
		{E69C636F-9DF1-4DC0-868C-66D08A721DE9}.Release|x86.ActiveCfg = Release|Any CPU
		{E69C636F-9DF1-4DC0-868C-66D08A721DE9}.Release|x86.Build.0 = Release|Any CPU
		{D74BE8D8-27BB-4A3F-A0FB-B8954977DAD5}.Debug|Any CPU.ActiveCfg = Debug|Any CPU
		{D74BE8D8-27BB-4A3F-A0FB-B8954977DAD5}.Debug|Any CPU.Build.0 = Debug|Any CPU
		{D74BE8D8-27BB-4A3F-A0FB-B8954977DAD5}.Debug|x64.ActiveCfg = Debug|Any CPU
		{D74BE8D8-27BB-4A3F-A0FB-B8954977DAD5}.Debug|x64.Build.0 = Debug|Any CPU
		{D74BE8D8-27BB-4A3F-A0FB-B8954977DAD5}.Debug|x86.ActiveCfg = Debug|Any CPU
		{D74BE8D8-27BB-4A3F-A0FB-B8954977DAD5}.Debug|x86.Build.0 = Debug|Any CPU
		{D74BE8D8-27BB-4A3F-A0FB-B8954977DAD5}.Release|Any CPU.ActiveCfg = Release|Any CPU
		{D74BE8D8-27BB-4A3F-A0FB-B8954977DAD5}.Release|Any CPU.Build.0 = Release|Any CPU
		{D74BE8D8-27BB-4A3F-A0FB-B8954977DAD5}.Release|x64.ActiveCfg = Release|Any CPU
		{D74BE8D8-27BB-4A3F-A0FB-B8954977DAD5}.Release|x64.Build.0 = Release|Any CPU
		{D74BE8D8-27BB-4A3F-A0FB-B8954977DAD5}.Release|x86.ActiveCfg = Release|Any CPU
		{D74BE8D8-27BB-4A3F-A0FB-B8954977DAD5}.Release|x86.Build.0 = Release|Any CPU
		{26014132-A4A7-45CC-807B-D49DEDDDEB2E}.Debug|Any CPU.ActiveCfg = Debug|Any CPU
		{26014132-A4A7-45CC-807B-D49DEDDDEB2E}.Debug|Any CPU.Build.0 = Debug|Any CPU
		{26014132-A4A7-45CC-807B-D49DEDDDEB2E}.Debug|x64.ActiveCfg = Debug|Any CPU
		{26014132-A4A7-45CC-807B-D49DEDDDEB2E}.Debug|x64.Build.0 = Debug|Any CPU
		{26014132-A4A7-45CC-807B-D49DEDDDEB2E}.Debug|x86.ActiveCfg = Debug|Any CPU
		{26014132-A4A7-45CC-807B-D49DEDDDEB2E}.Debug|x86.Build.0 = Debug|Any CPU
		{26014132-A4A7-45CC-807B-D49DEDDDEB2E}.Release|Any CPU.ActiveCfg = Release|Any CPU
		{26014132-A4A7-45CC-807B-D49DEDDDEB2E}.Release|Any CPU.Build.0 = Release|Any CPU
		{26014132-A4A7-45CC-807B-D49DEDDDEB2E}.Release|x64.ActiveCfg = Release|Any CPU
		{26014132-A4A7-45CC-807B-D49DEDDDEB2E}.Release|x64.Build.0 = Release|Any CPU
		{26014132-A4A7-45CC-807B-D49DEDDDEB2E}.Release|x86.ActiveCfg = Release|Any CPU
		{26014132-A4A7-45CC-807B-D49DEDDDEB2E}.Release|x86.Build.0 = Release|Any CPU
	EndGlobalSection
	GlobalSection(SolutionProperties) = preSolution
		HideSolutionNode = FALSE
	EndGlobalSection
	GlobalSection(NestedProjects) = preSolution
		{999A3D19-7C8B-43F1-BEAF-FFE30172CCBB} = {827E0CD3-B72D-47B6-A68D-7590B98EB39B}
		{5F3EFFC8-7CFC-42E6-8370-2F85A12898D6} = {827E0CD3-B72D-47B6-A68D-7590B98EB39B}
		{29AFC2AA-F87F-42C4-9875-60B2281346D8} = {827E0CD3-B72D-47B6-A68D-7590B98EB39B}
		{C8CD466A-0E2B-42C7-BEE2-3A4BF71D4E20} = {827E0CD3-B72D-47B6-A68D-7590B98EB39B}
		{0290ADE7-44F4-4BD0-96E3-C6C4B78EA818} = {827E0CD3-B72D-47B6-A68D-7590B98EB39B}
		{E69C636F-9DF1-4DC0-868C-66D08A721DE9} = {827E0CD3-B72D-47B6-A68D-7590B98EB39B}
		{D74BE8D8-27BB-4A3F-A0FB-B8954977DAD5} = {0AB3BF05-4346-4AA6-1389-037BE0695223}
		{26014132-A4A7-45CC-807B-D49DEDDDEB2E} = {0AB3BF05-4346-4AA6-1389-037BE0695223}
	EndGlobalSection
EndGlobal
